
Microsoft Visual Studio Solution File, Format Version 12.00
# Visual Studio 15
VisualStudioVersion = 15.0.28010.2041
MinimumVisualStudioVersion = 10.0.40219.1
Project("{FAE04EC0-301F-11D3-BF4B-00C04F79EFBC}") = "E-Library", "WindowsFormsApp1\E-Library.csproj", "{A66DAE27-70F0-4C6B-AAAC-8A45652D8C80}"
EndProject
Global
	GlobalSection(SolutionConfigurationPlatforms) = preSolution
		Debug|Any CPU = Debug|Any CPU
		Release|Any CPU = Release|Any CPU
	EndGlobalSection
	GlobalSection(ProjectConfigurationPlatforms) = postSolution
		{A66DAE27-70F0-4C6B-AAAC-8A45652D8C80}.Debug|Any CPU.ActiveCfg = Debug|Any CPU
		{A66DAE27-70F0-4C6B-AAAC-8A45652D8C80}.Debug|Any CPU.Build.0 = Debug|Any CPU
		{A66DAE27-70F0-4C6B-AAAC-8A45652D8C80}.Release|Any CPU.ActiveCfg = Release|Any CPU
		{A66DAE27-70F0-4C6B-AAAC-8A45652D8C80}.Release|Any CPU.Build.0 = Release|Any CPU
	EndGlobalSection
	GlobalSection(SolutionProperties) = preSolution
		HideSolutionNode = FALSE
	EndGlobalSection
	GlobalSection(ExtensibilityGlobals) = postSolution
		SolutionGuid = {CF354312-263B-43AA-A920-56812EAF1679}
	EndGlobalSection
EndGlobal
